// !$*UTF8*$!
{
	archiveVersion = 1;
	classes = {
	};
	objectVersion = 55;
	objects = {

/* Begin PBXBuildFile section */
		36AC80E328BFD546009C4E0B /* AppDelegate.swift in Sources */ = {isa = PBXBuildFile; fileRef = 36AC80E228BFD546009C4E0B /* AppDelegate.swift */; };
		36AC80E528BFD546009C4E0B /* SceneDelegate.swift in Sources */ = {isa = PBXBuildFile; fileRef = 36AC80E428BFD546009C4E0B /* SceneDelegate.swift */; };
		36AC80E728BFD546009C4E0B /* ViewController.swift in Sources */ = {isa = PBXBuildFile; fileRef = 36AC80E628BFD546009C4E0B /* ViewController.swift */; };
		36AC80EC28BFD549009C4E0B /* Assets.xcassets in Resources */ = {isa = PBXBuildFile; fileRef = 36AC80EB28BFD549009C4E0B /* Assets.xcassets */; };
		36AC80FD28BFE7F4009C4E0B /* CustomCellUser.swift in Sources */ = {isa = PBXBuildFile; fileRef = 36AC80FC28BFE7F4009C4E0B /* CustomCellUser.swift */; };
		36AC810028BFE84B009C4E0B /* SnapKit in Frameworks */ = {isa = PBXBuildFile; productRef = 36AC80FF28BFE84B009C4E0B /* SnapKit */; };
		36AC810228BFF0B9009C4E0B /* CustomCellSettings.swift in Sources */ = {isa = PBXBuildFile; fileRef = 36AC810128BFF0B9009C4E0B /* CustomCellSettings.swift */; };
		36AC810528BFF2D7009C4E0B /* Model.swift in Sources */ = {isa = PBXBuildFile; fileRef = 36AC810428BFF2D7009C4E0B /* Model.swift */; };
		36B1483928C8D808003BDC45 /* CustomCellWithSwitch.swift in Sources */ = {isa = PBXBuildFile; fileRef = 36B1483828C8D808003BDC45 /* CustomCellWithSwitch.swift */; };
/* End PBXBuildFile section */

/* Begin PBXFileReference section */
		36AC80DF28BFD546009C4E0B /* HW_13_SettingView.app */ = {isa = PBXFileReference; explicitFileType = wrapper.application; includeInIndex = 0; path = HW_13_SettingView.app; sourceTree = BUILT_PRODUCTS_DIR; };
		36AC80E228BFD546009C4E0B /* AppDelegate.swift */ = {isa = PBXFileReference; lastKnownFileType = sourcecode.swift; path = AppDelegate.swift; sourceTree = "<group>"; };
		36AC80E428BFD546009C4E0B /* SceneDelegate.swift */ = {isa = PBXFileReference; lastKnownFileType = sourcecode.swift; path = SceneDelegate.swift; sourceTree = "<group>"; };
		36AC80E628BFD546009C4E0B /* ViewController.swift */ = {isa = PBXFileReference; lastKnownFileType = sourcecode.swift; path = ViewController.swift; sourceTree = "<group>"; };
		36AC80EB28BFD549009C4E0B /* Assets.xcassets */ = {isa = PBXFileReference; lastKnownFileType = folder.assetcatalog; path = Assets.xcassets; sourceTree = "<group>"; };
		36AC80F028BFD549009C4E0B /* Info.plist */ = {isa = PBXFileReference; lastKnownFileType = text.plist.xml; path = Info.plist; sourceTree = "<group>"; };
		36AC80FC28BFE7F4009C4E0B /* CustomCellUser.swift */ = {isa = PBXFileReference; lastKnownFileType = sourcecode.swift; path = CustomCellUser.swift; sourceTree = "<group>"; };
		36AC810128BFF0B9009C4E0B /* CustomCellSettings.swift */ = {isa = PBXFileReference; lastKnownFileType = sourcecode.swift; path = CustomCellSettings.swift; sourceTree = "<group>"; };
		36AC810428BFF2D7009C4E0B /* Model.swift */ = {isa = PBXFileReference; lastKnownFileType = sourcecode.swift; path = Model.swift; sourceTree = "<group>"; };
		36B1483828C8D808003BDC45 /* CustomCellWithSwitch.swift */ = {isa = PBXFileReference; lastKnownFileType = sourcecode.swift; path = CustomCellWithSwitch.swift; sourceTree = "<group>"; };
/* End PBXFileReference section */

/* Begin PBXFrameworksBuildPhase section */
		36AC80DC28BFD546009C4E0B /* Frameworks */ = {
			isa = PBXFrameworksBuildPhase;
			buildActionMask = 2147483647;
			files = (
				36AC810028BFE84B009C4E0B /* SnapKit in Frameworks */,
			);
			runOnlyForDeploymentPostprocessing = 0;
		};
/* End PBXFrameworksBuildPhase section */

/* Begin PBXGroup section */
		36AC80D628BFD546009C4E0B = {
			isa = PBXGroup;
			children = (
				36AC80E128BFD546009C4E0B /* HW_13_SettingView */,
				36AC80E028BFD546009C4E0B /* Products */,
			);
			sourceTree = "<group>";
		};
		36AC80E028BFD546009C4E0B /* Products */ = {
			isa = PBXGroup;
			children = (
				36AC80DF28BFD546009C4E0B /* HW_13_SettingView.app */,
			);
			name = Products;
			sourceTree = "<group>";
		};
		36AC80E128BFD546009C4E0B /* HW_13_SettingView */ = {
			isa = PBXGroup;
			children = (
				36AC80F828BFDF0F009C4E0B /* Resources */,
				36AC80F728BFDF05009C4E0B /* Sources */,
			);
			path = HW_13_SettingView;
			sourceTree = "<group>";
		};
		36AC80F628BFDEF3009C4E0B /* App */ = {
			isa = PBXGroup;
			children = (
				36AC80E428BFD546009C4E0B /* SceneDelegate.swift */,
				36AC80E228BFD546009C4E0B /* AppDelegate.swift */,
			);
			path = App;
			sourceTree = "<group>";
		};
		36AC80F728BFDF05009C4E0B /* Sources */ = {
			isa = PBXGroup;
			children = (
				36AC810328BFF1B4009C4E0B /* Model */,
				36AC80FB28BFE779009C4E0B /* CustomCells */,
				36AC80F628BFDEF3009C4E0B /* App */,
				36AC80FA28BFE01A009C4E0B /* View */,
			);
			path = Sources;
			sourceTree = "<group>";
		};
		36AC80F828BFDF0F009C4E0B /* Resources */ = {
			isa = PBXGroup;
			children = (
				36AC80EB28BFD549009C4E0B /* Assets.xcassets */,
				36AC80F928BFDFD6009C4E0B /* Configuration */,
			);
			path = Resources;
			sourceTree = "<group>";
		};
		36AC80F928BFDFD6009C4E0B /* Configuration */ = {
			isa = PBXGroup;
			children = (
				36AC80F028BFD549009C4E0B /* Info.plist */,
			);
			path = Configuration;
			sourceTree = "<group>";
		};
		36AC80FA28BFE01A009C4E0B /* View */ = {
			isa = PBXGroup;
			children = (
				36AC80E628BFD546009C4E0B /* ViewController.swift */,
			);
			path = View;
			sourceTree = "<group>";
		};
		36AC80FB28BFE779009C4E0B /* CustomCells */ = {
			isa = PBXGroup;
			children = (
				36AC80FC28BFE7F4009C4E0B /* CustomCellUser.swift */,
				36AC810128BFF0B9009C4E0B /* CustomCellSettings.swift */,
				36B1483828C8D808003BDC45 /* CustomCellWithSwitch.swift */,
			);
			path = CustomCells;
			sourceTree = "<group>";
		};
		36AC810328BFF1B4009C4E0B /* Model */ = {
			isa = PBXGroup;
			children = (
				36AC810428BFF2D7009C4E0B /* Model.swift */,
			);
			path = Model;
			sourceTree = "<group>";
		};
/* End PBXGroup section */

/* Begin PBXNativeTarget section */
		36AC80DE28BFD546009C4E0B /* HW_13_SettingView */ = {
			isa = PBXNativeTarget;
			buildConfigurationList = 36AC80F328BFD549009C4E0B /* Build configuration list for PBXNativeTarget "HW_13_SettingView" */;
			buildPhases = (
				36AC80DB28BFD546009C4E0B /* Sources */,
				36AC80DC28BFD546009C4E0B /* Frameworks */,
				36AC80DD28BFD546009C4E0B /* Resources */,
			);
			buildRules = (
			);
			dependencies = (
			);
			name = HW_13_SettingView;
			packageProductDependencies = (
				36AC80FF28BFE84B009C4E0B /* SnapKit */,
			);
			productName = HW_13_SettingView;
			productReference = 36AC80DF28BFD546009C4E0B /* HW_13_SettingView.app */;
			productType = "com.apple.product-type.application";
		};
/* End PBXNativeTarget section */

/* Begin PBXProject section */
		36AC80D728BFD546009C4E0B /* Project object */ = {
			isa = PBXProject;
			attributes = {
				BuildIndependentTargetsInParallel = 1;
				LastSwiftUpdateCheck = 1340;
				LastUpgradeCheck = 1340;
				TargetAttributes = {
					36AC80DE28BFD546009C4E0B = {
						CreatedOnToolsVersion = 13.4.1;
					};
				};
			};
			buildConfigurationList = 36AC80DA28BFD546009C4E0B /* Build configuration list for PBXProject "HW_13_SettingView" */;
			compatibilityVersion = "Xcode 13.0";
			developmentRegion = en;
			hasScannedForEncodings = 0;
			knownRegions = (
				en,
				Base,
			);
			mainGroup = 36AC80D628BFD546009C4E0B;
			packageReferences = (
				36AC80FE28BFE84B009C4E0B /* XCRemoteSwiftPackageReference "SnapKit" */,
			);
			productRefGroup = 36AC80E028BFD546009C4E0B /* Products */;
			projectDirPath = "";
			projectRoot = "";
			targets = (
				36AC80DE28BFD546009C4E0B /* HW_13_SettingView */,
			);
		};
/* End PBXProject section */

/* Begin PBXResourcesBuildPhase section */
		36AC80DD28BFD546009C4E0B /* Resources */ = {
			isa = PBXResourcesBuildPhase;
			buildActionMask = 2147483647;
			files = (
				36AC80EC28BFD549009C4E0B /* Assets.xcassets in Resources */,
			);
			runOnlyForDeploymentPostprocessing = 0;
		};
/* End PBXResourcesBuildPhase section */

/* Begin PBXSourcesBuildPhase section */
		36AC80DB28BFD546009C4E0B /* Sources */ = {
			isa = PBXSourcesBuildPhase;
			buildActionMask = 2147483647;
			files = (
				36AC80E728BFD546009C4E0B /* ViewController.swift in Sources */,
				36AC80FD28BFE7F4009C4E0B /* CustomCellUser.swift in Sources */,
				36AC80E328BFD546009C4E0B /* AppDelegate.swift in Sources */,
				36B1483928C8D808003BDC45 /* CustomCellWithSwitch.swift in Sources */,
				36AC810528BFF2D7009C4E0B /* Model.swift in Sources */,
				36AC810228BFF0B9009C4E0B /* CustomCellSettings.swift in Sources */,
				36AC80E528BFD546009C4E0B /* SceneDelegate.swift in Sources */,
			);
			runOnlyForDeploymentPostprocessing = 0;
		};
/* End PBXSourcesBuildPhase section */

/* Begin XCBuildConfiguration section */
		36AC80F128BFD549009C4E0B /* Debug */ = {
			isa = XCBuildConfiguration;
			buildSettings = {
				ALWAYS_SEARCH_USER_PATHS = NO;
				CLANG_ANALYZER_NONNULL = YES;
				CLANG_ANALYZER_NUMBER_OBJECT_CONVERSION = YES_AGGRESSIVE;
				CLANG_CXX_LANGUAGE_STANDARD = "gnu++17";
				CLANG_ENABLE_MODULES = YES;
				CLANG_ENABLE_OBJC_ARC = YES;
				CLANG_ENABLE_OBJC_WEAK = YES;
				CLANG_WARN_BLOCK_CAPTURE_AUTORELEASING = YES;
				CLANG_WARN_BOOL_CONVERSION = YES;
				CLANG_WARN_COMMA = YES;
				CLANG_WARN_CONSTANT_CONVERSION = YES;
				CLANG_WARN_DEPRECATED_OBJC_IMPLEMENTATIONS = YES;
				CLANG_WARN_DIRECT_OBJC_ISA_USAGE = YES_ERROR;
				CLANG_WARN_DOCUMENTATION_COMMENTS = YES;
				CLANG_WARN_EMPTY_BODY = YES;
				CLANG_WARN_ENUM_CONVERSION = YES;
				CLANG_WARN_INFINITE_RECURSION = YES;
				CLANG_WARN_INT_CONVERSION = YES;
				CLANG_WARN_NON_LITERAL_NULL_CONVERSION = YES;
				CLANG_WARN_OBJC_IMPLICIT_RETAIN_SELF = YES;
				CLANG_WARN_OBJC_LITERAL_CONVERSION = YES;
				CLANG_WARN_OBJC_ROOT_CLASS = YES_ERROR;
				CLANG_WARN_QUOTED_INCLUDE_IN_FRAMEWORK_HEADER = YES;
				CLANG_WARN_RANGE_LOOP_ANALYSIS = YES;
				CLANG_WARN_STRICT_PROTOTYPES = YES;
				CLANG_WARN_SUSPICIOUS_MOVE = YES;
				CLANG_WARN_UNGUARDED_AVAILABILITY = YES_AGGRESSIVE;
				CLANG_WARN_UNREACHABLE_CODE = YES;
				CLANG_WARN__DUPLICATE_METHOD_MATCH = YES;
				COPY_PHASE_STRIP = NO;
				DEBUG_INFORMATION_FORMAT = dwarf;
				ENABLE_STRICT_OBJC_MSGSEND = YES;
				ENABLE_TESTABILITY = YES;
				GCC_C_LANGUAGE_STANDARD = gnu11;
				GCC_DYNAMIC_NO_PIC = NO;
				GCC_NO_COMMON_BLOCKS = YES;
				GCC_OPTIMIZATION_LEVEL = 0;
				GCC_PREPROCESSOR_DEFINITIONS = (
					"DEBUG=1",
					"$(inherited)",
				);
				GCC_WARN_64_TO_32_BIT_CONVERSION = YES;
				GCC_WARN_ABOUT_RETURN_TYPE = YES_ERROR;
				GCC_WARN_UNDECLARED_SELECTOR = YES;
				GCC_WARN_UNINITIALIZED_AUTOS = YES_AGGRESSIVE;
				GCC_WARN_UNUSED_FUNCTION = YES;
				GCC_WARN_UNUSED_VARIABLE = YES;
				IPHONEOS_DEPLOYMENT_TARGET = 15.5;
				MTL_ENABLE_DEBUG_INFO = INCLUDE_SOURCE;
				MTL_FAST_MATH = YES;
				ONLY_ACTIVE_ARCH = YES;
				SDKROOT = iphoneos;
				SWIFT_ACTIVE_COMPILATION_CONDITIONS = DEBUG;
				SWIFT_OPTIMIZATION_LEVEL = "-Onone";
			};
			name = Debug;
		};
		36AC80F228BFD549009C4E0B /* Release */ = {
			isa = XCBuildConfiguration;
			buildSettings = {
				ALWAYS_SEARCH_USER_PATHS = NO;
				CLANG_ANALYZER_NONNULL = YES;
				CLANG_ANALYZER_NUMBER_OBJECT_CONVERSION = YES_AGGRESSIVE;
				CLANG_CXX_LANGUAGE_STANDARD = "gnu++17";
				CLANG_ENABLE_MODULES = YES;
				CLANG_ENABLE_OBJC_ARC = YES;
				CLANG_ENABLE_OBJC_WEAK = YES;
				CLANG_WARN_BLOCK_CAPTURE_AUTORELEASING = YES;
				CLANG_WARN_BOOL_CONVERSION = YES;
				CLANG_WARN_COMMA = YES;
				CLANG_WARN_CONSTANT_CONVERSION = YES;
				CLANG_WARN_DEPRECATED_OBJC_IMPLEMENTATIONS = YES;
				CLANG_WARN_DIRECT_OBJC_ISA_USAGE = YES_ERROR;
				CLANG_WARN_DOCUMENTATION_COMMENTS = YES;
				CLANG_WARN_EMPTY_BODY = YES;
				CLANG_WARN_ENUM_CONVERSION = YES;
				CLANG_WARN_INFINITE_RECURSION = YES;
				CLANG_WARN_INT_CONVERSION = YES;
				CLANG_WARN_NON_LITERAL_NULL_CONVERSION = YES;
				CLANG_WARN_OBJC_IMPLICIT_RETAIN_SELF = YES;
				CLANG_WARN_OBJC_LITERAL_CONVERSION = YES;
				CLANG_WARN_OBJC_ROOT_CLASS = YES_ERROR;
				CLANG_WARN_QUOTED_INCLUDE_IN_FRAMEWORK_HEADER = YES;
				CLANG_WARN_RANGE_LOOP_ANALYSIS = YES;
				CLANG_WARN_STRICT_PROTOTYPES = YES;
				CLANG_WARN_SUSPICIOUS_MOVE = YES;
				CLANG_WARN_UNGUARDED_AVAILABILITY = YES_AGGRESSIVE;
				CLANG_WARN_UNREACHABLE_CODE = YES;
				CLANG_WARN__DUPLICATE_METHOD_MATCH = YES;
				COPY_PHASE_STRIP = NO;
				DEBUG_INFORMATION_FORMAT = "dwarf-with-dsym";
				ENABLE_NS_ASSERTIONS = NO;
				ENABLE_STRICT_OBJC_MSGSEND = YES;
				GCC_C_LANGUAGE_STANDARD = gnu11;
				GCC_NO_COMMON_BLOCKS = YES;
				GCC_WARN_64_TO_32_BIT_CONVERSION = YES;
				GCC_WARN_ABOUT_RETURN_TYPE = YES_ERROR;
				GCC_WARN_UNDECLARED_SELECTOR = YES;
				GCC_WARN_UNINITIALIZED_AUTOS = YES_AGGRESSIVE;
				GCC_WARN_UNUSED_FUNCTION = YES;
				GCC_WARN_UNUSED_VARIABLE = YES;
				IPHONEOS_DEPLOYMENT_TARGET = 15.5;
				MTL_ENABLE_DEBUG_INFO = NO;
				MTL_FAST_MATH = YES;
				SDKROOT = iphoneos;
				SWIFT_COMPILATION_MODE = wholemodule;
				SWIFT_OPTIMIZATION_LEVEL = "-O";
				VALIDATE_PRODUCT = YES;
			};
			name = Release;
		};
		36AC80F428BFD549009C4E0B /* Debug */ = {
			isa = XCBuildConfiguration;
			buildSettings = {
				ASSETCATALOG_COMPILER_APPICON_NAME = AppIcon;
				ASSETCATALOG_COMPILER_GLOBAL_ACCENT_COLOR_NAME = AccentColor;
				CODE_SIGN_STYLE = Automatic;
				CURRENT_PROJECT_VERSION = 1;
				DEVELOPMENT_TEAM = US52Z2NGF6;
				GENERATE_INFOPLIST_FILE = YES;
				INFOPLIST_FILE = HW_13_SettingView/Resources/Configuration/Info.plist;
				INFOPLIST_KEY_UIApplicationSupportsIndirectInputEvents = YES;
				INFOPLIST_KEY_UILaunchStoryboardName = LaunchScreen;
				INFOPLIST_KEY_UISupportedInterfaceOrientations_iPad = "UIInterfaceOrientationPortrait UIInterfaceOrientationPortraitUpsideDown UIInterfaceOrientationLandscapeLeft UIInterfaceOrientationLandscapeRight";
				INFOPLIST_KEY_UISupportedInterfaceOrientations_iPhone = "UIInterfaceOrientationPortrait UIInterfaceOrientationLandscapeLeft UIInterfaceOrientationLandscapeRight";
				LD_RUNPATH_SEARCH_PATHS = (
					"$(inherited)",
					"@executable_path/Frameworks",
				);
				MARKETING_VERSION = 1.0;
				PRODUCT_BUNDLE_IDENTIFIER = "com.my.HW-13-SettingView";
				PRODUCT_NAME = "$(TARGET_NAME)";
				SWIFT_EMIT_LOC_STRINGS = YES;
				SWIFT_VERSION = 5.0;
				TARGETED_DEVICE_FAMILY = "1,2";
			};
			name = Debug;
		};
		36AC80F528BFD549009C4E0B /* Release */ = {
			isa = XCBuildConfiguration;
			buildSettings = {
				ASSETCATALOG_COMPILER_APPICON_NAME = AppIcon;
				ASSETCATALOG_COMPILER_GLOBAL_ACCENT_COLOR_NAME = AccentColor;
				CODE_SIGN_STYLE = Automatic;
				CURRENT_PROJECT_VERSION = 1;
				DEVELOPMENT_TEAM = US52Z2NGF6;
				GENERATE_INFOPLIST_FILE = YES;
				INFOPLIST_FILE = HW_13_SettingView/Resources/Configuration/Info.plist;
				INFOPLIST_KEY_UIApplicationSupportsIndirectInputEvents = YES;
				INFOPLIST_KEY_UILaunchStoryboardName = LaunchScreen;
				INFOPLIST_KEY_UISupportedInterfaceOrientations_iPad = "UIInterfaceOrientationPortrait UIInterfaceOrientationPortraitUpsideDown UIInterfaceOrientationLandscapeLeft UIInterfaceOrientationLandscapeRight";
				INFOPLIST_KEY_UISupportedInterfaceOrientations_iPhone = "UIInterfaceOrientationPortrait UIInterfaceOrientationLandscapeLeft UIInterfaceOrientationLandscapeRight";
				LD_RUNPATH_SEARCH_PATHS = (
					"$(inherited)",
					"@executable_path/Frameworks",
				);
				MARKETING_VERSION = 1.0;
				PRODUCT_BUNDLE_IDENTIFIER = "com.my.HW-13-SettingView";
				PRODUCT_NAME = "$(TARGET_NAME)";
				SWIFT_EMIT_LOC_STRINGS = YES;
				SWIFT_VERSION = 5.0;
				TARGETED_DEVICE_FAMILY = "1,2";
			};
			name = Release;
		};
/* End XCBuildConfiguration section */

/* Begin XCConfigurationList section */
		36AC80DA28BFD546009C4E0B /* Build configuration list for PBXProject "HW_13_SettingView" */ = {
			isa = XCConfigurationList;
			buildConfigurations = (
				36AC80F128BFD549009C4E0B /* Debug */,
				36AC80F228BFD549009C4E0B /* Release */,
			);
			defaultConfigurationIsVisible = 0;
			defaultConfigurationName = Release;
		};
		36AC80F328BFD549009C4E0B /* Build configuration list for PBXNativeTarget "HW_13_SettingView" */ = {
			isa = XCConfigurationList;
			buildConfigurations = (
				36AC80F428BFD549009C4E0B /* Debug */,
				36AC80F528BFD549009C4E0B /* Release */,
			);
			defaultConfigurationIsVisible = 0;
			defaultConfigurationName = Release;
		};
/* End XCConfigurationList section */

/* Begin XCRemoteSwiftPackageReference section */
		36AC80FE28BFE84B009C4E0B /* XCRemoteSwiftPackageReference "SnapKit" */ = {
			isa = XCRemoteSwiftPackageReference;
			repositoryURL = "https://github.com/SnapKit/SnapKit";
			requirement = {
				branch = develop;
				kind = branch;
			};
		};
/* End XCRemoteSwiftPackageReference section */

/* Begin XCSwiftPackageProductDependency section */
		36AC80FF28BFE84B009C4E0B /* SnapKit */ = {
			isa = XCSwiftPackageProductDependency;
			package = 36AC80FE28BFE84B009C4E0B /* XCRemoteSwiftPackageReference "SnapKit" */;
			productName = SnapKit;
		};
/* End XCSwiftPackageProductDependency section */
	};
	rootObject = 36AC80D728BFD546009C4E0B /* Project object */;
}
